
Microsoft Visual Studio Solution File, Format Version 12.00
# Visual Studio Version 17
VisualStudioVersion = 17.2.32516.85
MinimumVisualStudioVersion = 15.0.26124.0
Project("{2150E333-8FDC-42A3-9474-1A3956D46DE8}") = "src", "src", "{1BB9C989-DB6F-45B3-BC9D-BB0A3193BBBF}"
EndProject
Project("{9A19103F-16F7-4668-BE54-9A1E7A4F7556}") = "Sample.AzureFunction", "src\Sample.AzureFunction\Sample.AzureFunction.csproj", "{1EA6F509-7534-45FB-B725-B1421DAB30A4}"
EndProject
Project("{9A19103F-16F7-4668-BE54-9A1E7A4F7556}") = "Sender", "src\Sender\Sender.csproj", "{6E443DF0-C9A2-4200-B914-5FE22F469883}"
EndProject
Project("{9A19103F-16F7-4668-BE54-9A1E7A4F7556}") = "Sample.Contracts", "src\Sample.Contracts\Sample.Contracts.csproj", "{28F48D21-BBAF-45F4-9E4E-BC526ACC56B5}"
EndProject
Project("{2150E333-8FDC-42A3-9474-1A3956D46DE8}") = "Solution Items", "Solution Items", "{99DFF257-B885-4160-8DC5-B0440AE19E92}"
	ProjectSection(SolutionItems) = preProject
		readme.md = readme.md
	EndProjectSection
EndProject
Global
	GlobalSection(SolutionConfigurationPlatforms) = preSolution
		Debug|Any CPU = Debug|Any CPU
		Debug|x64 = Debug|x64
		Debug|x86 = Debug|x86
		Release|Any CPU = Release|Any CPU
		Release|x64 = Release|x64
		Release|x86 = Release|x86
	EndGlobalSection
	GlobalSection(ProjectConfigurationPlatforms) = postSolution
		{1EA6F509-7534-45FB-B725-B1421DAB30A4}.Debug|Any CPU.ActiveCfg = Debug|Any CPU
		{1EA6F509-7534-45FB-B725-B1421DAB30A4}.Debug|Any CPU.Build.0 = Debug|Any CPU
		{1EA6F509-7534-45FB-B725-B1421DAB30A4}.Debug|x64.ActiveCfg = Debug|Any CPU
		{1EA6F509-7534-45FB-B725-B1421DAB30A4}.Debug|x64.Build.0 = Debug|Any CPU
		{1EA6F509-7534-45FB-B725-B1421DAB30A4}.Debug|x86.ActiveCfg = Debug|Any CPU
		{1EA6F509-7534-45FB-B725-B1421DAB30A4}.Debug|x86.Build.0 = Debug|Any CPU
		{1EA6F509-7534-45FB-B725-B1421DAB30A4}.Release|Any CPU.ActiveCfg = Release|Any CPU
		{1EA6F509-7534-45FB-B725-B1421DAB30A4}.Release|Any CPU.Build.0 = Release|Any CPU
		{1EA6F509-7534-45FB-B725-B1421DAB30A4}.Release|x64.ActiveCfg = Release|Any CPU
		{1EA6F509-7534-45FB-B725-B1421DAB30A4}.Release|x64.Build.0 = Release|Any CPU
		{1EA6F509-7534-45FB-B725-B1421DAB30A4}.Release|x86.ActiveCfg = Release|Any CPU
		{1EA6F509-7534-45FB-B725-B1421DAB30A4}.Release|x86.Build.0 = Release|Any CPU
		{6E443DF0-C9A2-4200-B914-5FE22F469883}.Debug|Any CPU.ActiveCfg = Debug|Any CPU
		{6E443DF0-C9A2-4200-B914-5FE22F469883}.Debug|Any CPU.Build.0 = Debug|Any CPU
		{6E443DF0-C9A2-4200-B914-5FE22F469883}.Debug|x64.ActiveCfg = Debug|Any CPU
		{6E443DF0-C9A2-4200-B914-5FE22F469883}.Debug|x64.Build.0 = Debug|Any CPU
		{6E443DF0-C9A2-4200-B914-5FE22F469883}.Debug|x86.ActiveCfg = Debug|Any CPU
		{6E443DF0-C9A2-4200-B914-5FE22F469883}.Debug|x86.Build.0 = Debug|Any CPU
		{6E443DF0-C9A2-4200-B914-5FE22F469883}.Release|Any CPU.ActiveCfg = Release|Any CPU
		{6E443DF0-C9A2-4200-B914-5FE22F469883}.Release|Any CPU.Build.0 = Release|Any CPU
		{6E443DF0-C9A2-4200-B914-5FE22F469883}.Release|x64.ActiveCfg = Release|Any CPU
		{6E443DF0-C9A2-4200-B914-5FE22F469883}.Release|x64.Build.0 = Release|Any CPU
		{6E443DF0-C9A2-4200-B914-5FE22F469883}.Release|x86.ActiveCfg = Release|Any CPU
		{6E443DF0-C9A2-4200-B914-5FE22F469883}.Release|x86.Build.0 = Release|Any CPU
		{28F48D21-BBAF-45F4-9E4E-BC526ACC56B5}.Debug|Any CPU.ActiveCfg = Debug|Any CPU
		{28F48D21-BBAF-45F4-9E4E-BC526ACC56B5}.Debug|Any CPU.Build.0 = Debug|Any CPU
		{28F48D21-BBAF-45F4-9E4E-BC526ACC56B5}.Debug|x64.ActiveCfg = Debug|Any CPU
		{28F48D21-BBAF-45F4-9E4E-BC526ACC56B5}.Debug|x64.Build.0 = Debug|Any CPU
		{28F48D21-BBAF-45F4-9E4E-BC526ACC56B5}.Debug|x86.ActiveCfg = Debug|Any CPU
		{28F48D21-BBAF-45F4-9E4E-BC526ACC56B5}.Debug|x86.Build.0 = Debug|Any CPU
		{28F48D21-BBAF-45F4-9E4E-BC526ACC56B5}.Release|Any CPU.ActiveCfg = Release|Any CPU
		{28F48D21-BBAF-45F4-9E4E-BC526ACC56B5}.Release|Any CPU.Build.0 = Release|Any CPU
		{28F48D21-BBAF-45F4-9E4E-BC526ACC56B5}.Release|x64.ActiveCfg = Release|Any CPU
		{28F48D21-BBAF-45F4-9E4E-BC526ACC56B5}.Release|x64.Build.0 = Release|Any CPU
		{28F48D21-BBAF-45F4-9E4E-BC526ACC56B5}.Release|x86.ActiveCfg = Release|Any CPU
		{28F48D21-BBAF-45F4-9E4E-BC526ACC56B5}.Release|x86.Build.0 = Release|Any CPU
	EndGlobalSection
	GlobalSection(SolutionProperties) = preSolution
		HideSolutionNode = FALSE
	EndGlobalSection
	GlobalSection(NestedProjects) = preSolution
		{1EA6F509-7534-45FB-B725-B1421DAB30A4} = {1BB9C989-DB6F-45B3-BC9D-BB0A3193BBBF}
		{6E443DF0-C9A2-4200-B914-5FE22F469883} = {1BB9C989-DB6F-45B3-BC9D-BB0A3193BBBF}
		{28F48D21-BBAF-45F4-9E4E-BC526ACC56B5} = {1BB9C989-DB6F-45B3-BC9D-BB0A3193BBBF}
	EndGlobalSection
	GlobalSection(ExtensibilityGlobals) = postSolution
		SolutionGuid = {B902EE61-3DF5-4F1D-9FA8-197452C13CED}
	EndGlobalSection
EndGlobal
